
Microsoft Visual Studio Solution File, Format Version 12.00
# Visual Studio Version 17
VisualStudioVersion = 17.2.32516.85
MinimumVisualStudioVersion = 10.0.40219.1
Project("{9A19103F-16F7-4668-BE54-9A1E7A4F7556}") = "BlazorApp4.Server", "BlazorApp4\Server\BlazorApp4.Server.csproj", "{D8A0C7CC-734C-4FEC-B664-0BC8E1C5E461}"
EndProject
Project("{9A19103F-16F7-4668-BE54-9A1E7A4F7556}") = "BlazorApp4.Client", "BlazorApp4\Client\BlazorApp4.Client.csproj", "{34398C43-DCCF-4A19-B30B-42B502C435E0}"
EndProject
Project("{2150E333-8FDC-42A3-9474-1A3956D46DE8}") = "Module", "Module", "{3AA317AD-CB1B-4EDF-910A-4A55BF5DF497}"
EndProject
Project("{2150E333-8FDC-42A3-9474-1A3956D46DE8}") = "Shared", "Shared", "{DEE79A2E-BF29-4B0B-AAE9-71FA475B626A}"
EndProject
Project("{2150E333-8FDC-42A3-9474-1A3956D46DE8}") = "_global", "_global", "{015CCFD0-2EAA-4FEE-A8AC-D2BA5CC77555}"
	ProjectSection(SolutionItems) = preProject
		.gitignore = .gitignore
	EndProjectSection
EndProject
Project("{9A19103F-16F7-4668-BE54-9A1E7A4F7556}") = "MyApp.Module.Application", "Module\Application\MyApp.Module.Application.csproj", "{F0D61887-1440-4702-AFB1-E289338C13BA}"
EndProject
Project("{9A19103F-16F7-4668-BE54-9A1E7A4F7556}") = "MyApp.Module.Application.Shared", "Module\Application.Shared\MyApp.Module.Application.Shared.csproj", "{3002B689-3042-415F-B5EF-77062E004B48}"
EndProject
Project("{9A19103F-16F7-4668-BE54-9A1E7A4F7556}") = "MyApp.SourceGenerators", "MyApp.SourceGenerators\MyApp.SourceGenerators.csproj", "{B293EDA9-81D3-4476-92F8-7930C2CA0701}"
EndProject
Project("{2150E333-8FDC-42A3-9474-1A3956D46DE8}") = "ProductX", "ProductX", "{696DAF25-689E-4DB7-9099-6B147954E054}"
EndProject
Global
	GlobalSection(SolutionConfigurationPlatforms) = preSolution
		Debug|Any CPU = Debug|Any CPU
		Release|Any CPU = Release|Any CPU
	EndGlobalSection
	GlobalSection(ProjectConfigurationPlatforms) = postSolution
		{D8A0C7CC-734C-4FEC-B664-0BC8E1C5E461}.Debug|Any CPU.ActiveCfg = Debug|Any CPU
		{D8A0C7CC-734C-4FEC-B664-0BC8E1C5E461}.Debug|Any CPU.Build.0 = Debug|Any CPU
		{D8A0C7CC-734C-4FEC-B664-0BC8E1C5E461}.Release|Any CPU.ActiveCfg = Release|Any CPU
		{D8A0C7CC-734C-4FEC-B664-0BC8E1C5E461}.Release|Any CPU.Build.0 = Release|Any CPU
		{34398C43-DCCF-4A19-B30B-42B502C435E0}.Debug|Any CPU.ActiveCfg = Debug|Any CPU
		{34398C43-DCCF-4A19-B30B-42B502C435E0}.Debug|Any CPU.Build.0 = Debug|Any CPU
		{34398C43-DCCF-4A19-B30B-42B502C435E0}.Release|Any CPU.ActiveCfg = Release|Any CPU
		{34398C43-DCCF-4A19-B30B-42B502C435E0}.Release|Any CPU.Build.0 = Release|Any CPU
		{F0D61887-1440-4702-AFB1-E289338C13BA}.Debug|Any CPU.ActiveCfg = Debug|Any CPU
		{F0D61887-1440-4702-AFB1-E289338C13BA}.Debug|Any CPU.Build.0 = Debug|Any CPU
		{F0D61887-1440-4702-AFB1-E289338C13BA}.Release|Any CPU.ActiveCfg = Release|Any CPU
		{F0D61887-1440-4702-AFB1-E289338C13BA}.Release|Any CPU.Build.0 = Release|Any CPU
		{3002B689-3042-415F-B5EF-77062E004B48}.Debug|Any CPU.ActiveCfg = Debug|Any CPU
		{3002B689-3042-415F-B5EF-77062E004B48}.Debug|Any CPU.Build.0 = Debug|Any CPU
		{3002B689-3042-415F-B5EF-77062E004B48}.Release|Any CPU.ActiveCfg = Release|Any CPU
		{3002B689-3042-415F-B5EF-77062E004B48}.Release|Any CPU.Build.0 = Release|Any CPU
		{B293EDA9-81D3-4476-92F8-7930C2CA0701}.Debug|Any CPU.ActiveCfg = Debug|Any CPU
		{B293EDA9-81D3-4476-92F8-7930C2CA0701}.Debug|Any CPU.Build.0 = Debug|Any CPU
		{B293EDA9-81D3-4476-92F8-7930C2CA0701}.Release|Any CPU.ActiveCfg = Release|Any CPU
		{B293EDA9-81D3-4476-92F8-7930C2CA0701}.Release|Any CPU.Build.0 = Release|Any CPU
	EndGlobalSection
	GlobalSection(SolutionProperties) = preSolution
		HideSolutionNode = FALSE
	EndGlobalSection
	GlobalSection(NestedProjects) = preSolution
		{D8A0C7CC-734C-4FEC-B664-0BC8E1C5E461} = {696DAF25-689E-4DB7-9099-6B147954E054}
		{34398C43-DCCF-4A19-B30B-42B502C435E0} = {696DAF25-689E-4DB7-9099-6B147954E054}
		{3AA317AD-CB1B-4EDF-910A-4A55BF5DF497} = {696DAF25-689E-4DB7-9099-6B147954E054}
		{F0D61887-1440-4702-AFB1-E289338C13BA} = {3AA317AD-CB1B-4EDF-910A-4A55BF5DF497}
		{3002B689-3042-415F-B5EF-77062E004B48} = {3AA317AD-CB1B-4EDF-910A-4A55BF5DF497}
		{B293EDA9-81D3-4476-92F8-7930C2CA0701} = {DEE79A2E-BF29-4B0B-AAE9-71FA475B626A}
	EndGlobalSection
	GlobalSection(ExtensibilityGlobals) = postSolution
		SolutionGuid = {20D283B3-83FD-4253-AAB8-AFE7BCD04F24}
	EndGlobalSection
EndGlobal
